
Microsoft Visual Studio Solution File, Format Version 12.00
# Visual Studio Version 17
VisualStudioVersion = 17.11.35327.3
MinimumVisualStudioVersion = 10.0.40219.1
Project("{FAE04EC0-301F-11D3-BF4B-00C04F79EFBC}") = "Set1Ex14", "Set1Ex14.csproj", "{9A6CDD55-ABD9-494F-85D4-72D4F2FF2519}"
EndProject
Global
	GlobalSection(SolutionConfigurationPlatforms) = preSolution
		Debug|Any CPU = Debug|Any CPU
		Release|Any CPU = Release|Any CPU
	EndGlobalSection
	GlobalSection(ProjectConfigurationPlatforms) = postSolution
		{9A6CDD55-ABD9-494F-85D4-72D4F2FF2519}.Debug|Any CPU.ActiveCfg = Debug|Any CPU
		{9A6CDD55-ABD9-494F-85D4-72D4F2FF2519}.Debug|Any CPU.Build.0 = Debug|Any CPU
		{9A6CDD55-ABD9-494F-85D4-72D4F2FF2519}.Release|Any CPU.ActiveCfg = Release|Any CPU
		{9A6CDD55-ABD9-494F-85D4-72D4F2FF2519}.Release|Any CPU.Build.0 = Release|Any CPU
	EndGlobalSection
	GlobalSection(SolutionProperties) = preSolution
		HideSolutionNode = FALSE
	EndGlobalSection
	GlobalSection(ExtensibilityGlobals) = postSolution
		SolutionGuid = {E701A75F-EF71-485C-B679-F76DD777BC6B}
	EndGlobalSection
EndGlobal
